
Microsoft Visual Studio Solution File, Format Version 12.00
# Visual Studio Version 16
VisualStudioVersion = 16.0.30517.126
MinimumVisualStudioVersion = 10.0.40219.1
Project("{FAE04EC0-301F-11D3-BF4B-00C04F79EFBC}") = "BetaMart_NadiaPutriR_29_XIIRPL4", "BetaMart_NadiaPutriR_29_XIIRPL4\BetaMart_NadiaPutriR_29_XIIRPL4.csproj", "{F313527D-19CA-4D7D-BD23-D5C83A7224A7}"
EndProject
Global
	GlobalSection(SolutionConfigurationPlatforms) = preSolution
		Debug|Any CPU = Debug|Any CPU
		Release|Any CPU = Release|Any CPU
	EndGlobalSection
	GlobalSection(ProjectConfigurationPlatforms) = postSolution
		{F313527D-19CA-4D7D-BD23-D5C83A7224A7}.Debug|Any CPU.ActiveCfg = Debug|Any CPU
		{F313527D-19CA-4D7D-BD23-D5C83A7224A7}.Debug|Any CPU.Build.0 = Debug|Any CPU
		{F313527D-19CA-4D7D-BD23-D5C83A7224A7}.Release|Any CPU.ActiveCfg = Release|Any CPU
		{F313527D-19CA-4D7D-BD23-D5C83A7224A7}.Release|Any CPU.Build.0 = Release|Any CPU
	EndGlobalSection
	GlobalSection(SolutionProperties) = preSolution
		HideSolutionNode = FALSE
	EndGlobalSection
	GlobalSection(ExtensibilityGlobals) = postSolution
		SolutionGuid = {EF4989D9-3DE3-4133-AD5C-0DFF6F9208D1}
	EndGlobalSection
EndGlobal
